
Microsoft Visual Studio Solution File, Format Version 12.00
# Visual Studio 14
VisualStudioVersion = 14.0.25420.1
MinimumVisualStudioVersion = 10.0.40219.1
Project("{00D1A9C2-B5F0-4AF3-8072-F6C62B433612}") = "Database", "Database\Database.sqlproj", "{A24AFED7-7D74-413E-8305-C8C75EB97A25}"
EndProject
Project("{FAE04EC0-301F-11D3-BF4B-00C04F79EFBC}") = "ContactsApp", "ContactsApp\ContactsApp.csproj", "{7C3F14B7-94ED-434A-A6CE-0279BE9A9129}"
EndProject
Global
	GlobalSection(SolutionConfigurationPlatforms) = preSolution
		Debug|Any CPU = Debug|Any CPU
		Release|Any CPU = Release|Any CPU
	EndGlobalSection
	GlobalSection(ProjectConfigurationPlatforms) = postSolution
		{A24AFED7-7D74-413E-8305-C8C75EB97A25}.Debug|Any CPU.ActiveCfg = Debug|Any CPU
		{A24AFED7-7D74-413E-8305-C8C75EB97A25}.Debug|Any CPU.Build.0 = Debug|Any CPU
		{A24AFED7-7D74-413E-8305-C8C75EB97A25}.Debug|Any CPU.Deploy.0 = Debug|Any CPU
		{A24AFED7-7D74-413E-8305-C8C75EB97A25}.Release|Any CPU.ActiveCfg = Release|Any CPU
		{A24AFED7-7D74-413E-8305-C8C75EB97A25}.Release|Any CPU.Build.0 = Release|Any CPU
		{A24AFED7-7D74-413E-8305-C8C75EB97A25}.Release|Any CPU.Deploy.0 = Release|Any CPU
		{7C3F14B7-94ED-434A-A6CE-0279BE9A9129}.Debug|Any CPU.ActiveCfg = Debug|Any CPU
		{7C3F14B7-94ED-434A-A6CE-0279BE9A9129}.Debug|Any CPU.Build.0 = Debug|Any CPU
		{7C3F14B7-94ED-434A-A6CE-0279BE9A9129}.Release|Any CPU.ActiveCfg = Release|Any CPU
		{7C3F14B7-94ED-434A-A6CE-0279BE9A9129}.Release|Any CPU.Build.0 = Release|Any CPU
	EndGlobalSection
	GlobalSection(SolutionProperties) = preSolution
		HideSolutionNode = FALSE
	EndGlobalSection
EndGlobal
